<?xml version="1.0" encoding="utf-8"?>
<Project ToolsVersion="4.0" xmlns="http://schemas.microsoft.com/developer/msbuild/2003">
  <ItemGroup>
    <Filter Include="Source Files">
      <UniqueIdentifier>{4FC737F1-C7A5-4376-A066-2A32D752A2FF}</UniqueIdentifier>
      <Extensions>cpp;c;cc;cxx;def;odl;idl;hpj;bat;asm;asmx</Extensions>
    </Filter>
    <Filter Include="Header Files">
      <UniqueIdentifier>{93995380-89BD-4b04-88EB-625FBE52EBFB}</UniqueIdentifier>
      <Extensions>h;hpp;hxx;hm;inl;inc;xsd</Extensions>
    </Filter>
    <Filter Include="Resource Files">
      <UniqueIdentifier>{67DA6AB6-F800-4c08-8B7A-83BB121AAD01}</UniqueIdentifier>
      <Extensions>rc;ico;cur;bmp;dlg;rc2;rct;bin;rgs;gif;jpg;jpeg;jpe;resx;tiff;tif;png;wav</Extensions>
    </Filter>
  </ItemGroup>
  <ItemGroup>
    <ClCompile Include="..\lib\base64\base64.cpp">
      <Filter>Source Files</Filter>
    </ClCompile>
    <ClCompile Include="..\lib\crc32\crc32.cpp">
      <Filter>Source Files</Filter>
    </ClCompile>
    <ClCompile Include="..\lib\csvparser\csvparser.cpp">
      <Filter>Source Files</Filter>
    </ClCompile>
    <ClCompile Include="..\lib\sha1\sha1.cpp">
      <Filter>Source Files</Filter>
    </ClCompile>
    <ClCompile Include="..\lib\sqlite3\sqlite3.c">
      <Filter>Source Files</Filter>
    </ClCompile>
    <ClCompile Include="protocol\bnet_protocol.cpp">
      <Filter>Source Files</Filter>
    </ClCompile>
    <ClCompile Include="protocol\game_protocol.cpp">
      <Filter>Source Files</Filter>
    </ClCompile>
    <ClCompile Include="protocol\gps_protocol.cpp">
      <Filter>Source Files</Filter>
    </ClCompile>
    <ClCompile Include="protocol\vlan_protocol.cpp">
      <Filter>Source Files</Filter>
    </ClCompile>
    <ClCompile Include="config\config.cpp">
      <Filter>Source Files</Filter>
    </ClCompile>
    <ClCompile Include="config\config_bot.cpp">
      <Filter>Source Files</Filter>
    </ClCompile>
    <ClCompile Include="config\config_db.cpp">
      <Filter>Source Files</Filter>
    </ClCompile>
    <ClCompile Include="config\config_realm.cpp">
      <Filter>Source Files</Filter>
    </ClCompile>
    <ClCompile Include="config\config_commands.cpp">
      <Filter>Source Files</Filter>
    </ClCompile>
    <ClCompile Include="config\config_irc.cpp">
      <Filter>Source Files</Filter>
    </ClCompile>
    <ClCompile Include="config\config_discord.cpp">
      <Filter>Source Files</Filter>
    </ClCompile>
    <ClCompile Include="config\config_game.cpp">
      <Filter>Source Files</Filter>
    </ClCompile>
    <ClCompile Include="config\config_net.cpp">
      <Filter>Source Files</Filter>
    </ClCompile>
    <ClCompile Include="proxy\gproxy_server.cpp">
      <Filter>Source Files</Filter>
    </ClCompile>
    <ClCompile Include="proxy\tcp_proxy.cpp">
      <Filter>Source Files</Filter>
    </ClCompile>
    <ClCompile Include="optional.cpp">
      <Filter>Source Files</Filter>
    </ClCompile>
    <ClCompile Include="util.cpp">
      <Filter>Source Files</Filter>
    </ClCompile>
    <ClCompile Include="file_util.cpp">
      <Filter>Source Files</Filter>
    </ClCompile>
    <ClCompile Include="os_util.cpp">
      <Filter>Source Files</Filter>
    </ClCompile>
    <ClCompile Include="socket.cpp">
      <Filter>Source Files</Filter>
    </ClCompile>
    <ClCompile Include="net.cpp">
      <Filter>Source Files</Filter>
    </ClCompile>
    <ClCompile Include="game_controller_data.cpp">
      <Filter>Source Files</Filter>
    </ClCompile>
    <ClCompile Include="game_host.cpp">
      <Filter>Source Files</Filter>
    </ClCompile>
    <ClCompile Include="game_interactive_host.cpp">
      <Filter>Source Files</Filter>
    </ClCompile>
    <ClCompile Include="auradb.cpp">
      <Filter>Source Files</Filter>
    </ClCompile>
    <ClCompile Include="bncsutil_interface.cpp">
      <Filter>Source Files</Filter>
    </ClCompile>
    <ClCompile Include="mdns.cpp">
      <Filter>Source Files</Filter>
    </ClCompile>
    <ClCompile Include="json.cpp">
      <Filter>Source Files</Filter>
    </ClCompile>
    <ClCompile Include="pjass.cpp">
      <Filter>Source Files</Filter>
    </ClCompile>
    <ClCompile Include="realm.cpp">
      <Filter>Source Files</Filter>
    </ClCompile>
    <ClCompile Include="realm_chat.cpp">
      <Filter>Source Files</Filter>
    </ClCompile>
    <ClCompile Include="realm_games.cpp">
      <Filter>Source Files</Filter>
    </ClCompile>
    <ClCompile Include="map.cpp">
      <Filter>Source Files</Filter>
    </ClCompile>
    <ClCompile Include="packed.cpp">
      <Filter>Source Files</Filter>
    </ClCompile>
    <ClCompile Include="save_game.cpp">
      <Filter>Source Files</Filter>
    </ClCompile>
    <ClCompile Include="connection.cpp">
      <Filter>Source Files</Filter>
    </ClCompile>
    <ClCompile Include="async_observer.cpp">
      <Filter>Source Files</Filter>
    </ClCompile>
    <ClCompile Include="game_result.cpp">
      <Filter>Source Files</Filter>
    </ClCompile>
    <ClCompile Include="game_seeker.cpp">
      <Filter>Source Files</Filter>
    </ClCompile>
    <ClCompile Include="game_setup.cpp">
      <Filter>Source Files</Filter>
    </ClCompile>
    <ClCompile Include="game_slot.cpp">
      <Filter>Source Files</Filter>
    </ClCompile>
    <ClCompile Include="game_stat.cpp">
      <Filter>Source Files</Filter>
    </ClCompile>
    <ClCompile Include="game_structs.cpp">
      <Filter>Source Files</Filter>
    </ClCompile>
    <ClCompile Include="game_user.cpp">
      <Filter>Source Files</Filter>
    </ClCompile>
    <ClCompile Include="game_virtual_user.cpp">
      <Filter>Source Files</Filter>
    </ClCompile>
    <ClCompile Include="game.cpp">
      <Filter>Source Files</Filter>
    </ClCompile>
    <ClCompile Include="aura.cpp">
      <Filter>Source Files</Filter>
    </ClCompile>
    <ClCompile Include="cli.cpp">
      <Filter>Source Files</Filter>
    </ClCompile>
    <ClCompile Include="command.cpp">
      <Filter>Source Files</Filter>
    </ClCompile>
    <ClCompile Include="command_history.cpp">
      <Filter>Source Files</Filter>
    </ClCompile>
    <ClCompile Include="locations.cpp">
      <Filter>Source Files</Filter>
    </ClCompile>
    <ClCompile Include="rate_limiter.cpp">
      <Filter>Source Files</Filter>
    </ClCompile>
    <ClCompile Include="sampler.cpp">
      <Filter>Source Files</Filter>
    </ClCompile>
    <ClCompile Include="integration\discord.cpp">
      <Filter>Source Files</Filter>
    </ClCompile>
    <ClCompile Include="integration\irc.cpp">
      <Filter>Source Files</Filter>
    </ClCompile>
    <ClCompile Include="stats\dota.cpp">
      <Filter>Source Files</Filter>
    </ClCompile>
    <ClCompile Include="stats\w3mmd.cpp">
      <Filter>Source Files</Filter>
    </ClCompile>
    <ClCompile Include="test\runner.cpp">
      <Filter>Source Files</Filter>
    </ClCompile>
  </ItemGroup>
  <ItemGroup>
    <ClInclude Include="..\lib\base64\base64.h">
      <Filter>Header Files</Filter>
    </ClInclude>
    <ClInclude Include="..\lib\mdns\dns_sd.h">
      <Filter>Header Files</Filter>
    </ClInclude>
    <ClInclude Include="..\lib\crc32\crc32.h">
      <Filter>Header Files</Filter>
    </ClInclude>
    <ClInclude Include="..\lib\csvparser\csvparser.h">
      <Filter>Header Files</Filter>
    </ClInclude>
    <ClInclude Include="..\lib\nlohmann\json.hpp">
      <Filter>Header Files</Filter>
    </ClInclude>
    <ClInclude Include="..\lib\sha1\sha1.h">
      <Filter>Header Files</Filter>
    </ClInclude>
    <ClInclude Include="..\lib\sqlite3\sqlite3.h">
      <Filter>Header Files</Filter>
    </ClInclude>
    <ClInclude Include="..\lib\sqlite3\sqlite3ext.h">
      <Filter>Header Files</Filter>
    </ClInclude>
    <ClInclude Include="..\lib\CLI11\CLI11.hpp">
      <Filter>Header Files</Filter>
    </ClInclude>
    <ClInclude Include="..\lib\thread_pool\thread_pool.hpp">
      <Filter>Header Files</Filter>
    </ClInclude>
    <ClInclude Include="constants.h">
      <Filter>Header Files</Filter>
    </ClInclude>
    <ClInclude Include="forward.h">
      <Filter>Header Files</Filter>
    </ClInclude>
    <ClInclude Include="includes.h">
      <Filter>Header Files</Filter>
    </ClInclude>
    <ClInclude Include="protocol\bnet_protocol.h">
      <Filter>Header Files</Filter>
    </ClInclude>
    <ClInclude Include="protocol\game_protocol.h">
      <Filter>Header Files</Filter>
    </ClInclude>
    <ClInclude Include="protocol\gps_protocol.h">
      <Filter>Header Files</Filter>
    </ClInclude>
    <ClInclude Include="protocol\vlan_protocol.h">
      <Filter>Header Files</Filter>
    </ClInclude>
    <ClInclude Include="config\config.h">
      <Filter>Header Files</Filter>
    </ClInclude>
    <ClInclude Include="config\config_bot.h">
      <Filter>Header Files</Filter>
    </ClInclude>
    <ClInclude Include="config\config_db.h">
      <Filter>Header Files</Filter>
    </ClInclude>
    <ClInclude Include="config\config_realm.h">
      <Filter>Header Files</Filter>
    </ClInclude>
    <ClInclude Include="config\config_commands.h">
      <Filter>Header Files</Filter>
    </ClInclude>
    <ClInclude Include="config\config_irc.h">
      <Filter>Header Files</Filter>
    </ClInclude>
    <ClInclude Include="config\config_discord.h">
      <Filter>Header Files</Filter>
    </ClInclude>
    <ClInclude Include="config\config_game.h">
      <Filter>Header Files</Filter>
    </ClInclude>
    <ClInclude Include="config\config_net.h">
      <Filter>Header Files</Filter>
    </ClInclude>
    <ClInclude Include="proxy\gproxy_server.h">
      <Filter>Header Files</Filter>
    </ClInclude>
    <ClInclude Include="proxy\tcp_proxy.h">
      <Filter>Header Files</Filter>
    </ClInclude>
    <ClInclude Include="ms_stdint.h">
      <Filter>Header Files</Filter>
    </ClInclude>
    <ClInclude Include="optional.h">
      <Filter>Header Files</Filter>
    </ClInclude>
    <ClInclude Include="parser.h">
      <Filter>Header Files</Filter>
    </ClInclude>
    <ClInclude Include="util.h">
      <Filter>Header Files</Filter>
    </ClInclude>
    <ClInclude Include="flat_map.h">
      <Filter>Header Files</Filter>
    </ClInclude>
    <ClInclude Include="list.h">
      <Filter>Header Files</Filter>
    </ClInclude>
    <ClInclude Include="file_util.h">
      <Filter>Header Files</Filter>
    </ClInclude>
    <ClInclude Include="os_util.h">
      <Filter>Header Files</Filter>
    </ClInclude>
    <ClInclude Include="socket.h">
      <Filter>Header Files</Filter>
    </ClInclude>
    <ClInclude Include="net.h">
      <Filter>Header Files</Filter>
    </ClInclude>
    <ClInclude Include="action.h">
      <Filter>Header Files</Filter>
    </ClInclude>
    <ClInclude Include="game_controller_data.h">
      <Filter>Header Files</Filter>
    </ClInclude>
    <ClInclude Include="game_host.h">
      <Filter>Header Files</Filter>
    </ClInclude>
    <ClInclude Include="game_interactive_host.h">
      <Filter>Header Files</Filter>
    </ClInclude>
    <ClInclude Include="auradb.h">
      <Filter>Header Files</Filter>
    </ClInclude>
    <ClInclude Include="bncsutil_interface.h">
      <Filter>Header Files</Filter>
    </ClInclude>
    <ClInclude Include="mdns.h">
      <Filter>Header Files</Filter>
    </ClInclude>
    <ClInclude Include="json.h">
      <Filter>Header Files</Filter>
    </ClInclude>
    <ClInclude Include="pjass.h">
      <Filter>Header Files</Filter>
    </ClInclude>
    <ClInclude Include="realm.h">
      <Filter>Header Files</Filter>
    </ClInclude>
    <ClInclude Include="realm_chat.h">
      <Filter>Header Files</Filter>
    </ClInclude>
    <ClInclude Include="realm_games.h">
      <Filter>Header Files</Filter>
    </ClInclude>
    <ClInclude Include="map.h">
      <Filter>Header Files</Filter>
    </ClInclude>
    <ClInclude Include="packed.h">
      <Filter>Header Files</Filter>
    </ClInclude>
    <ClInclude Include="save_game.h">
      <Filter>Header Files</Filter>
    </ClInclude>
    <ClInclude Include="connection.h">
      <Filter>Header Files</Filter>
    </ClInclude>
    <ClInclude Include="async_observer.h">
      <Filter>Header Files</Filter>
    </ClInclude>
    <ClInclude Include="game_result.h">
      <Filter>Header Files</Filter>
    </ClInclude>
    <ClInclude Include="game_seeker.h">
      <Filter>Header Files</Filter>
    </ClInclude>
    <ClInclude Include="game_setup.h">
      <Filter>Header Files</Filter>
    </ClInclude>
    <ClInclude Include="game_slot.h">
      <Filter>Header Files</Filter>
    </ClInclude>
    <ClInclude Include="game_stat.h">
      <Filter>Header Files</Filter>
    </ClInclude>
    <ClInclude Include="game_structs.h">
      <Filter>Header Files</Filter>
    </ClInclude>
    <ClInclude Include="game_user.h">
      <Filter>Header Files</Filter>
    </ClInclude>
    <ClInclude Include="game_virtual_user.h">
      <Filter>Header Files</Filter>
    </ClInclude>
    <ClInclude Include="game.h">
      <Filter>Header Files</Filter>
    </ClInclude>
    <ClInclude Include="aura.h">
      <Filter>Header Files</Filter>
    </ClInclude>
    <ClInclude Include="cli.h">
      <Filter>Header Files</Filter>
    </ClInclude>
    <ClInclude Include="command.h">
      <Filter>Header Files</Filter>
    </ClInclude>
    <ClInclude Include="command_history.h">
      <Filter>Header Files</Filter>
    </ClInclude>
    <ClInclude Include="locations.h">
      <Filter>Header Files</Filter>
    </ClInclude>
    <ClInclude Include="integration\discord.h">
      <Filter>Header Files</Filter>
    </ClInclude>
    <ClInclude Include="integration\irc.h">
      <Filter>Header Files</Filter>
    </ClInclude>
    <ClInclude Include="stats\dota.h">
      <Filter>Header Files</Filter>
    </ClInclude>
    <ClInclude Include="stats\w3mmd.h">
      <Filter>Header Files</Filter>
    </ClInclude>
    <ClInclude Include="test\runner.h">
      <Filter>Header Files</Filter>
    </ClInclude>
    <ClInclude Include="rate_limiter.h">
      <Filter>Header Files</Filter>
    </ClInclude>
    <ClInclude Include="sampler.h">
      <Filter>Header Files</Filter>
    </ClInclude>
  </ItemGroup>
</Project>